
Microsoft Visual Studio Solution File, Format Version 12.00
# Visual Studio Version 16
VisualStudioVersion = 16.0.29424.173
MinimumVisualStudioVersion = 10.0.40219.1
Project("{FAE04EC0-301F-11D3-BF4B-00C04F79EFBC}") = "IdentityIntro", "IdentityIntro.csproj", "{CCC9E45D-F73F-428F-9750-1C3FB32F131E}"
EndProject
Global
	GlobalSection(SolutionConfigurationPlatforms) = preSolution
		Debug|Any CPU = Debug|Any CPU
		Release|Any CPU = Release|Any CPU
	EndGlobalSection
	GlobalSection(ProjectConfigurationPlatforms) = postSolution
		{CCC9E45D-F73F-428F-9750-1C3FB32F131E}.Debug|Any CPU.ActiveCfg = Debug|Any CPU
		{CCC9E45D-F73F-428F-9750-1C3FB32F131E}.Debug|Any CPU.Build.0 = Debug|Any CPU
		{CCC9E45D-F73F-428F-9750-1C3FB32F131E}.Release|Any CPU.ActiveCfg = Release|Any CPU
		{CCC9E45D-F73F-428F-9750-1C3FB32F131E}.Release|Any CPU.Build.0 = Release|Any CPU
	EndGlobalSection
	GlobalSection(SolutionProperties) = preSolution
		HideSolutionNode = FALSE
	EndGlobalSection
	GlobalSection(ExtensibilityGlobals) = postSolution
		SolutionGuid = {A908C188-3B11-4AE0-9DE3-62F21DFB4D9E}
	EndGlobalSection
EndGlobal
